
Microsoft Visual Studio Solution File, Format Version 12.00
# Visual Studio Version 17
VisualStudioVersion = 17.0.32126.317
MinimumVisualStudioVersion = 10.0.40219.1
Project("{8BC9CEB8-8B4A-11D0-8D11-00A0C91BC942}") = "svector", "svector\svector.vcxproj", "{B1A56281-2E8C-4BA8-9207-F90F1440AC7E}"
EndProject
Project("{8BC9CEB8-8B4A-11D0-8D11-00A0C91BC942}") = "idl", "idl\idl.vcxproj", "{2F615A9B-0F23-4E23-A872-DBA00B66C1BB}"
EndProject
Project("{8BC9CEB8-8B4A-11D0-8D11-00A0C91BC942}") = "ApexWorkspace", "ApexWorkspace\ApexWorkspace.vcxproj", "{40518D6D-AE62-4932-9E4D-5B121E264D4A}"
EndProject
Project("{8BC9CEB8-8B4A-11D0-8D11-00A0C91BC942}") = "Apex++Template", "Apex++Template\Apex++Template.vcxproj", "{8B096D72-3996-4AD0-8CFF-B9016033B0A2}"
EndProject
Project("{8BC9CEB8-8B4A-11D0-8D11-00A0C91BC942}") = "TestFitting", "TestFitting\TestFitting.vcxproj", "{EF226759-6D4D-437E-ABFA-DCE412C1F64F}"
	ProjectSection(ProjectDependencies) = postProject
		{B1A56281-2E8C-4BA8-9207-F90F1440AC7E} = {B1A56281-2E8C-4BA8-9207-F90F1440AC7E}
	EndProjectSection
EndProject
Project("{8BC9CEB8-8B4A-11D0-8D11-00A0C91BC942}") = "TestUnits", "TestUnits\TestUnits.vcxproj", "{3B8EBCAE-D698-446F-AB76-1D9997DDBBC3}"
EndProject
Project("{8BC9CEB8-8B4A-11D0-8D11-00A0C91BC942}") = "TestBasicStats", "TestBasicStats\TestBasicStats.vcxproj", "{440BB9B5-3589-4351-A56F-4944A0208344}"
EndProject
Project("{8BC9CEB8-8B4A-11D0-8D11-00A0C91BC942}") = "TestGrid", "TestGrid\TestGrid.vcxproj", "{C3A6A5A8-95A8-40C5-9D05-54F4532FFE90}"
EndProject
Project("{8BC9CEB8-8B4A-11D0-8D11-00A0C91BC942}") = "TestMinimiser", "TestMinimiser\TestMinimiser.vcxproj", "{A0DD1388-0E61-4B5D-BFAE-ECC7A4A42120}"
EndProject
Project("{8BC9CEB8-8B4A-11D0-8D11-00A0C91BC942}") = "TestPlot", "TestPlot\TestPlot.vcxproj", "{06C2344F-52C4-4DC3-A61B-5357BB216BEE}"
	ProjectSection(ProjectDependencies) = postProject
		{B1A56281-2E8C-4BA8-9207-F90F1440AC7E} = {B1A56281-2E8C-4BA8-9207-F90F1440AC7E}
	EndProjectSection
EndProject
Project("{8BC9CEB8-8B4A-11D0-8D11-00A0C91BC942}") = "TestRender", "TestRender\TestRender.vcxproj", "{11A1F9BA-B0C8-4B3F-9124-ACA4957B1CE1}"
EndProject
Project("{8BC9CEB8-8B4A-11D0-8D11-00A0C91BC942}") = "TestRangeTree", "TestRangeTree\TestRangeTree.vcxproj", "{0366AA3E-B742-4736-88F3-3A68ABEA4EA6}"
EndProject
Project("{8BC9CEB8-8B4A-11D0-8D11-00A0C91BC942}") = "testString", "testString\testString.vcxproj", "{7B06F9CE-2CDF-4361-A3F9-799C6F2C9702}"
EndProject
Global
	GlobalSection(SolutionConfigurationPlatforms) = preSolution
		Debug|x64 = Debug|x64
		Debug|x86 = Debug|x86
		Release|x64 = Release|x64
		Release|x86 = Release|x86
		Unicode Debug|x64 = Unicode Debug|x64
		Unicode Debug|x86 = Unicode Debug|x86
		Unicode Release|x64 = Unicode Release|x64
		Unicode Release|x86 = Unicode Release|x86
	EndGlobalSection
	GlobalSection(ProjectConfigurationPlatforms) = postSolution
		{B1A56281-2E8C-4BA8-9207-F90F1440AC7E}.Debug|x64.ActiveCfg = Debug|x64
		{B1A56281-2E8C-4BA8-9207-F90F1440AC7E}.Debug|x64.Build.0 = Debug|x64
		{B1A56281-2E8C-4BA8-9207-F90F1440AC7E}.Debug|x86.ActiveCfg = Debug|Win32
		{B1A56281-2E8C-4BA8-9207-F90F1440AC7E}.Debug|x86.Build.0 = Debug|Win32
		{B1A56281-2E8C-4BA8-9207-F90F1440AC7E}.Release|x64.ActiveCfg = Release|x64
		{B1A56281-2E8C-4BA8-9207-F90F1440AC7E}.Release|x64.Build.0 = Release|x64
		{B1A56281-2E8C-4BA8-9207-F90F1440AC7E}.Release|x86.ActiveCfg = Release|Win32
		{B1A56281-2E8C-4BA8-9207-F90F1440AC7E}.Release|x86.Build.0 = Release|Win32
		{B1A56281-2E8C-4BA8-9207-F90F1440AC7E}.Unicode Debug|x64.ActiveCfg = Unicode Debug|x64
		{B1A56281-2E8C-4BA8-9207-F90F1440AC7E}.Unicode Debug|x64.Build.0 = Unicode Debug|x64
		{B1A56281-2E8C-4BA8-9207-F90F1440AC7E}.Unicode Debug|x86.ActiveCfg = Unicode Debug|Win32
		{B1A56281-2E8C-4BA8-9207-F90F1440AC7E}.Unicode Debug|x86.Build.0 = Unicode Debug|Win32
		{B1A56281-2E8C-4BA8-9207-F90F1440AC7E}.Unicode Release|x64.ActiveCfg = Unicode Release|x64
		{B1A56281-2E8C-4BA8-9207-F90F1440AC7E}.Unicode Release|x64.Build.0 = Unicode Release|x64
		{B1A56281-2E8C-4BA8-9207-F90F1440AC7E}.Unicode Release|x86.ActiveCfg = Unicode Release|Win32
		{B1A56281-2E8C-4BA8-9207-F90F1440AC7E}.Unicode Release|x86.Build.0 = Unicode Release|Win32
		{2F615A9B-0F23-4E23-A872-DBA00B66C1BB}.Debug|x64.ActiveCfg = Debug|Win32
		{2F615A9B-0F23-4E23-A872-DBA00B66C1BB}.Debug|x86.ActiveCfg = Debug|Win32
		{2F615A9B-0F23-4E23-A872-DBA00B66C1BB}.Debug|x86.Build.0 = Debug|Win32
		{2F615A9B-0F23-4E23-A872-DBA00B66C1BB}.Release|x64.ActiveCfg = Release|Win32
		{2F615A9B-0F23-4E23-A872-DBA00B66C1BB}.Release|x86.ActiveCfg = Release|Win32
		{2F615A9B-0F23-4E23-A872-DBA00B66C1BB}.Release|x86.Build.0 = Release|Win32
		{2F615A9B-0F23-4E23-A872-DBA00B66C1BB}.Unicode Debug|x64.ActiveCfg = Debug|Win32
		{2F615A9B-0F23-4E23-A872-DBA00B66C1BB}.Unicode Debug|x86.ActiveCfg = Debug|Win32
		{2F615A9B-0F23-4E23-A872-DBA00B66C1BB}.Unicode Debug|x86.Build.0 = Debug|Win32
		{2F615A9B-0F23-4E23-A872-DBA00B66C1BB}.Unicode Release|x64.ActiveCfg = Release|Win32
		{2F615A9B-0F23-4E23-A872-DBA00B66C1BB}.Unicode Release|x86.ActiveCfg = Release|Win32
		{2F615A9B-0F23-4E23-A872-DBA00B66C1BB}.Unicode Release|x86.Build.0 = Release|Win32
		{40518D6D-AE62-4932-9E4D-5B121E264D4A}.Debug|x64.ActiveCfg = Debug|x64
		{40518D6D-AE62-4932-9E4D-5B121E264D4A}.Debug|x64.Build.0 = Debug|x64
		{40518D6D-AE62-4932-9E4D-5B121E264D4A}.Debug|x86.ActiveCfg = Debug|x64
		{40518D6D-AE62-4932-9E4D-5B121E264D4A}.Release|x64.ActiveCfg = Release|x64
		{40518D6D-AE62-4932-9E4D-5B121E264D4A}.Release|x64.Build.0 = Release|x64
		{40518D6D-AE62-4932-9E4D-5B121E264D4A}.Release|x86.ActiveCfg = Release|x64
		{40518D6D-AE62-4932-9E4D-5B121E264D4A}.Unicode Debug|x64.ActiveCfg = Debug|x64
		{40518D6D-AE62-4932-9E4D-5B121E264D4A}.Unicode Debug|x64.Build.0 = Debug|x64
		{40518D6D-AE62-4932-9E4D-5B121E264D4A}.Unicode Debug|x86.ActiveCfg = Release|x64
		{40518D6D-AE62-4932-9E4D-5B121E264D4A}.Unicode Debug|x86.Build.0 = Release|x64
		{40518D6D-AE62-4932-9E4D-5B121E264D4A}.Unicode Release|x64.ActiveCfg = Release|x64
		{40518D6D-AE62-4932-9E4D-5B121E264D4A}.Unicode Release|x64.Build.0 = Release|x64
		{40518D6D-AE62-4932-9E4D-5B121E264D4A}.Unicode Release|x86.ActiveCfg = Release|x64
		{40518D6D-AE62-4932-9E4D-5B121E264D4A}.Unicode Release|x86.Build.0 = Release|x64
		{8B096D72-3996-4AD0-8CFF-B9016033B0A2}.Debug|x64.ActiveCfg = Debug|x64
		{8B096D72-3996-4AD0-8CFF-B9016033B0A2}.Debug|x64.Build.0 = Debug|x64
		{8B096D72-3996-4AD0-8CFF-B9016033B0A2}.Debug|x86.ActiveCfg = Debug|x64
		{8B096D72-3996-4AD0-8CFF-B9016033B0A2}.Release|x64.ActiveCfg = Release|x64
		{8B096D72-3996-4AD0-8CFF-B9016033B0A2}.Release|x64.Build.0 = Release|x64
		{8B096D72-3996-4AD0-8CFF-B9016033B0A2}.Release|x86.ActiveCfg = Release|x64
		{8B096D72-3996-4AD0-8CFF-B9016033B0A2}.Unicode Debug|x64.ActiveCfg = Debug|x64
		{8B096D72-3996-4AD0-8CFF-B9016033B0A2}.Unicode Debug|x64.Build.0 = Debug|x64
		{8B096D72-3996-4AD0-8CFF-B9016033B0A2}.Unicode Debug|x86.ActiveCfg = Release|x64
		{8B096D72-3996-4AD0-8CFF-B9016033B0A2}.Unicode Debug|x86.Build.0 = Release|x64
		{8B096D72-3996-4AD0-8CFF-B9016033B0A2}.Unicode Release|x64.ActiveCfg = Release|x64
		{8B096D72-3996-4AD0-8CFF-B9016033B0A2}.Unicode Release|x64.Build.0 = Release|x64
		{8B096D72-3996-4AD0-8CFF-B9016033B0A2}.Unicode Release|x86.ActiveCfg = Release|x64
		{8B096D72-3996-4AD0-8CFF-B9016033B0A2}.Unicode Release|x86.Build.0 = Release|x64
		{EF226759-6D4D-437E-ABFA-DCE412C1F64F}.Debug|x64.ActiveCfg = Debug|x64
		{EF226759-6D4D-437E-ABFA-DCE412C1F64F}.Debug|x64.Build.0 = Debug|x64
		{EF226759-6D4D-437E-ABFA-DCE412C1F64F}.Debug|x86.ActiveCfg = Debug|Win32
		{EF226759-6D4D-437E-ABFA-DCE412C1F64F}.Debug|x86.Build.0 = Debug|Win32
		{EF226759-6D4D-437E-ABFA-DCE412C1F64F}.Release|x64.ActiveCfg = Release|x64
		{EF226759-6D4D-437E-ABFA-DCE412C1F64F}.Release|x64.Build.0 = Release|x64
		{EF226759-6D4D-437E-ABFA-DCE412C1F64F}.Release|x86.ActiveCfg = Release|Win32
		{EF226759-6D4D-437E-ABFA-DCE412C1F64F}.Release|x86.Build.0 = Release|Win32
		{EF226759-6D4D-437E-ABFA-DCE412C1F64F}.Unicode Debug|x64.ActiveCfg = Debug|x64
		{EF226759-6D4D-437E-ABFA-DCE412C1F64F}.Unicode Debug|x64.Build.0 = Debug|x64
		{EF226759-6D4D-437E-ABFA-DCE412C1F64F}.Unicode Debug|x86.ActiveCfg = Debug|Win32
		{EF226759-6D4D-437E-ABFA-DCE412C1F64F}.Unicode Debug|x86.Build.0 = Debug|Win32
		{EF226759-6D4D-437E-ABFA-DCE412C1F64F}.Unicode Release|x64.ActiveCfg = Release|x64
		{EF226759-6D4D-437E-ABFA-DCE412C1F64F}.Unicode Release|x64.Build.0 = Release|x64
		{EF226759-6D4D-437E-ABFA-DCE412C1F64F}.Unicode Release|x86.ActiveCfg = Release|Win32
		{EF226759-6D4D-437E-ABFA-DCE412C1F64F}.Unicode Release|x86.Build.0 = Release|Win32
		{3B8EBCAE-D698-446F-AB76-1D9997DDBBC3}.Debug|x64.ActiveCfg = Debug|x64
		{3B8EBCAE-D698-446F-AB76-1D9997DDBBC3}.Debug|x64.Build.0 = Debug|x64
		{3B8EBCAE-D698-446F-AB76-1D9997DDBBC3}.Debug|x86.ActiveCfg = Debug|Win32
		{3B8EBCAE-D698-446F-AB76-1D9997DDBBC3}.Debug|x86.Build.0 = Debug|Win32
		{3B8EBCAE-D698-446F-AB76-1D9997DDBBC3}.Release|x64.ActiveCfg = Release|x64
		{3B8EBCAE-D698-446F-AB76-1D9997DDBBC3}.Release|x64.Build.0 = Release|x64
		{3B8EBCAE-D698-446F-AB76-1D9997DDBBC3}.Release|x86.ActiveCfg = Release|Win32
		{3B8EBCAE-D698-446F-AB76-1D9997DDBBC3}.Release|x86.Build.0 = Release|Win32
		{3B8EBCAE-D698-446F-AB76-1D9997DDBBC3}.Unicode Debug|x64.ActiveCfg = Debug|x64
		{3B8EBCAE-D698-446F-AB76-1D9997DDBBC3}.Unicode Debug|x64.Build.0 = Debug|x64
		{3B8EBCAE-D698-446F-AB76-1D9997DDBBC3}.Unicode Debug|x86.ActiveCfg = Debug|Win32
		{3B8EBCAE-D698-446F-AB76-1D9997DDBBC3}.Unicode Debug|x86.Build.0 = Debug|Win32
		{3B8EBCAE-D698-446F-AB76-1D9997DDBBC3}.Unicode Release|x64.ActiveCfg = Release|x64
		{3B8EBCAE-D698-446F-AB76-1D9997DDBBC3}.Unicode Release|x64.Build.0 = Release|x64
		{3B8EBCAE-D698-446F-AB76-1D9997DDBBC3}.Unicode Release|x86.ActiveCfg = Release|Win32
		{3B8EBCAE-D698-446F-AB76-1D9997DDBBC3}.Unicode Release|x86.Build.0 = Release|Win32
		{440BB9B5-3589-4351-A56F-4944A0208344}.Debug|x64.ActiveCfg = Debug|x64
		{440BB9B5-3589-4351-A56F-4944A0208344}.Debug|x64.Build.0 = Debug|x64
		{440BB9B5-3589-4351-A56F-4944A0208344}.Debug|x86.ActiveCfg = Debug|Win32
		{440BB9B5-3589-4351-A56F-4944A0208344}.Debug|x86.Build.0 = Debug|Win32
		{440BB9B5-3589-4351-A56F-4944A0208344}.Release|x64.ActiveCfg = Release|x64
		{440BB9B5-3589-4351-A56F-4944A0208344}.Release|x64.Build.0 = Release|x64
		{440BB9B5-3589-4351-A56F-4944A0208344}.Release|x86.ActiveCfg = Release|Win32
		{440BB9B5-3589-4351-A56F-4944A0208344}.Release|x86.Build.0 = Release|Win32
		{440BB9B5-3589-4351-A56F-4944A0208344}.Unicode Debug|x64.ActiveCfg = Debug|x64
		{440BB9B5-3589-4351-A56F-4944A0208344}.Unicode Debug|x64.Build.0 = Debug|x64
		{440BB9B5-3589-4351-A56F-4944A0208344}.Unicode Debug|x86.ActiveCfg = Debug|Win32
		{440BB9B5-3589-4351-A56F-4944A0208344}.Unicode Debug|x86.Build.0 = Debug|Win32
		{440BB9B5-3589-4351-A56F-4944A0208344}.Unicode Release|x64.ActiveCfg = Release|x64
		{440BB9B5-3589-4351-A56F-4944A0208344}.Unicode Release|x64.Build.0 = Release|x64
		{440BB9B5-3589-4351-A56F-4944A0208344}.Unicode Release|x86.ActiveCfg = Release|Win32
		{440BB9B5-3589-4351-A56F-4944A0208344}.Unicode Release|x86.Build.0 = Release|Win32
		{C3A6A5A8-95A8-40C5-9D05-54F4532FFE90}.Debug|x64.ActiveCfg = Debug|x64
		{C3A6A5A8-95A8-40C5-9D05-54F4532FFE90}.Debug|x64.Build.0 = Debug|x64
		{C3A6A5A8-95A8-40C5-9D05-54F4532FFE90}.Debug|x86.ActiveCfg = Debug|Win32
		{C3A6A5A8-95A8-40C5-9D05-54F4532FFE90}.Debug|x86.Build.0 = Debug|Win32
		{C3A6A5A8-95A8-40C5-9D05-54F4532FFE90}.Release|x64.ActiveCfg = Release|x64
		{C3A6A5A8-95A8-40C5-9D05-54F4532FFE90}.Release|x64.Build.0 = Release|x64
		{C3A6A5A8-95A8-40C5-9D05-54F4532FFE90}.Release|x86.ActiveCfg = Release|Win32
		{C3A6A5A8-95A8-40C5-9D05-54F4532FFE90}.Release|x86.Build.0 = Release|Win32
		{C3A6A5A8-95A8-40C5-9D05-54F4532FFE90}.Unicode Debug|x64.ActiveCfg = Debug|x64
		{C3A6A5A8-95A8-40C5-9D05-54F4532FFE90}.Unicode Debug|x64.Build.0 = Debug|x64
		{C3A6A5A8-95A8-40C5-9D05-54F4532FFE90}.Unicode Debug|x86.ActiveCfg = Debug|Win32
		{C3A6A5A8-95A8-40C5-9D05-54F4532FFE90}.Unicode Debug|x86.Build.0 = Debug|Win32
		{C3A6A5A8-95A8-40C5-9D05-54F4532FFE90}.Unicode Release|x64.ActiveCfg = Release|x64
		{C3A6A5A8-95A8-40C5-9D05-54F4532FFE90}.Unicode Release|x64.Build.0 = Release|x64
		{C3A6A5A8-95A8-40C5-9D05-54F4532FFE90}.Unicode Release|x86.ActiveCfg = Release|Win32
		{C3A6A5A8-95A8-40C5-9D05-54F4532FFE90}.Unicode Release|x86.Build.0 = Release|Win32
		{A0DD1388-0E61-4B5D-BFAE-ECC7A4A42120}.Debug|x64.ActiveCfg = Debug|x64
		{A0DD1388-0E61-4B5D-BFAE-ECC7A4A42120}.Debug|x64.Build.0 = Debug|x64
		{A0DD1388-0E61-4B5D-BFAE-ECC7A4A42120}.Debug|x86.ActiveCfg = Debug|Win32
		{A0DD1388-0E61-4B5D-BFAE-ECC7A4A42120}.Debug|x86.Build.0 = Debug|Win32
		{A0DD1388-0E61-4B5D-BFAE-ECC7A4A42120}.Release|x64.ActiveCfg = Release|x64
		{A0DD1388-0E61-4B5D-BFAE-ECC7A4A42120}.Release|x64.Build.0 = Release|x64
		{A0DD1388-0E61-4B5D-BFAE-ECC7A4A42120}.Release|x86.ActiveCfg = Release|Win32
		{A0DD1388-0E61-4B5D-BFAE-ECC7A4A42120}.Release|x86.Build.0 = Release|Win32
		{A0DD1388-0E61-4B5D-BFAE-ECC7A4A42120}.Unicode Debug|x64.ActiveCfg = Debug|x64
		{A0DD1388-0E61-4B5D-BFAE-ECC7A4A42120}.Unicode Debug|x64.Build.0 = Debug|x64
		{A0DD1388-0E61-4B5D-BFAE-ECC7A4A42120}.Unicode Debug|x86.ActiveCfg = Debug|Win32
		{A0DD1388-0E61-4B5D-BFAE-ECC7A4A42120}.Unicode Debug|x86.Build.0 = Debug|Win32
		{A0DD1388-0E61-4B5D-BFAE-ECC7A4A42120}.Unicode Release|x64.ActiveCfg = Release|x64
		{A0DD1388-0E61-4B5D-BFAE-ECC7A4A42120}.Unicode Release|x64.Build.0 = Release|x64
		{A0DD1388-0E61-4B5D-BFAE-ECC7A4A42120}.Unicode Release|x86.ActiveCfg = Release|Win32
		{A0DD1388-0E61-4B5D-BFAE-ECC7A4A42120}.Unicode Release|x86.Build.0 = Release|Win32
		{06C2344F-52C4-4DC3-A61B-5357BB216BEE}.Debug|x64.ActiveCfg = Debug|x64
		{06C2344F-52C4-4DC3-A61B-5357BB216BEE}.Debug|x64.Build.0 = Debug|x64
		{06C2344F-52C4-4DC3-A61B-5357BB216BEE}.Debug|x86.ActiveCfg = Debug|x64
		{06C2344F-52C4-4DC3-A61B-5357BB216BEE}.Debug|x86.Build.0 = Debug|x64
		{06C2344F-52C4-4DC3-A61B-5357BB216BEE}.Release|x64.ActiveCfg = Release|x64
		{06C2344F-52C4-4DC3-A61B-5357BB216BEE}.Release|x64.Build.0 = Release|x64
		{06C2344F-52C4-4DC3-A61B-5357BB216BEE}.Release|x86.ActiveCfg = Release|x64
		{06C2344F-52C4-4DC3-A61B-5357BB216BEE}.Release|x86.Build.0 = Release|x64
		{06C2344F-52C4-4DC3-A61B-5357BB216BEE}.Unicode Debug|x64.ActiveCfg = Debug|x64
		{06C2344F-52C4-4DC3-A61B-5357BB216BEE}.Unicode Debug|x64.Build.0 = Debug|x64
		{06C2344F-52C4-4DC3-A61B-5357BB216BEE}.Unicode Debug|x86.ActiveCfg = Debug|x64
		{06C2344F-52C4-4DC3-A61B-5357BB216BEE}.Unicode Debug|x86.Build.0 = Debug|x64
		{06C2344F-52C4-4DC3-A61B-5357BB216BEE}.Unicode Release|x64.ActiveCfg = Release|x64
		{06C2344F-52C4-4DC3-A61B-5357BB216BEE}.Unicode Release|x64.Build.0 = Release|x64
		{06C2344F-52C4-4DC3-A61B-5357BB216BEE}.Unicode Release|x86.ActiveCfg = Debug|x64
		{06C2344F-52C4-4DC3-A61B-5357BB216BEE}.Unicode Release|x86.Build.0 = Debug|x64
		{11A1F9BA-B0C8-4B3F-9124-ACA4957B1CE1}.Debug|x64.ActiveCfg = Debug|x64
		{11A1F9BA-B0C8-4B3F-9124-ACA4957B1CE1}.Debug|x64.Build.0 = Debug|x64
		{11A1F9BA-B0C8-4B3F-9124-ACA4957B1CE1}.Debug|x86.ActiveCfg = Debug|Win32
		{11A1F9BA-B0C8-4B3F-9124-ACA4957B1CE1}.Debug|x86.Build.0 = Debug|Win32
		{11A1F9BA-B0C8-4B3F-9124-ACA4957B1CE1}.Release|x64.ActiveCfg = Release|x64
		{11A1F9BA-B0C8-4B3F-9124-ACA4957B1CE1}.Release|x64.Build.0 = Release|x64
		{11A1F9BA-B0C8-4B3F-9124-ACA4957B1CE1}.Release|x86.ActiveCfg = Release|Win32
		{11A1F9BA-B0C8-4B3F-9124-ACA4957B1CE1}.Release|x86.Build.0 = Release|Win32
		{11A1F9BA-B0C8-4B3F-9124-ACA4957B1CE1}.Unicode Debug|x64.ActiveCfg = Debug|x64
		{11A1F9BA-B0C8-4B3F-9124-ACA4957B1CE1}.Unicode Debug|x64.Build.0 = Debug|x64
		{11A1F9BA-B0C8-4B3F-9124-ACA4957B1CE1}.Unicode Debug|x86.ActiveCfg = Debug|Win32
		{11A1F9BA-B0C8-4B3F-9124-ACA4957B1CE1}.Unicode Debug|x86.Build.0 = Debug|Win32
		{11A1F9BA-B0C8-4B3F-9124-ACA4957B1CE1}.Unicode Release|x64.ActiveCfg = Release|x64
		{11A1F9BA-B0C8-4B3F-9124-ACA4957B1CE1}.Unicode Release|x64.Build.0 = Release|x64
		{11A1F9BA-B0C8-4B3F-9124-ACA4957B1CE1}.Unicode Release|x86.ActiveCfg = Release|Win32
		{11A1F9BA-B0C8-4B3F-9124-ACA4957B1CE1}.Unicode Release|x86.Build.0 = Release|Win32
		{0366AA3E-B742-4736-88F3-3A68ABEA4EA6}.Debug|x64.ActiveCfg = Debug|x64
		{0366AA3E-B742-4736-88F3-3A68ABEA4EA6}.Debug|x64.Build.0 = Debug|x64
		{0366AA3E-B742-4736-88F3-3A68ABEA4EA6}.Debug|x86.ActiveCfg = Debug|Win32
		{0366AA3E-B742-4736-88F3-3A68ABEA4EA6}.Debug|x86.Build.0 = Debug|Win32
		{0366AA3E-B742-4736-88F3-3A68ABEA4EA6}.Release|x64.ActiveCfg = Release|x64
		{0366AA3E-B742-4736-88F3-3A68ABEA4EA6}.Release|x64.Build.0 = Release|x64
		{0366AA3E-B742-4736-88F3-3A68ABEA4EA6}.Release|x86.ActiveCfg = Release|Win32
		{0366AA3E-B742-4736-88F3-3A68ABEA4EA6}.Release|x86.Build.0 = Release|Win32
		{0366AA3E-B742-4736-88F3-3A68ABEA4EA6}.Unicode Debug|x64.ActiveCfg = Debug|x64
		{0366AA3E-B742-4736-88F3-3A68ABEA4EA6}.Unicode Debug|x64.Build.0 = Debug|x64
		{0366AA3E-B742-4736-88F3-3A68ABEA4EA6}.Unicode Debug|x86.ActiveCfg = Debug|Win32
		{0366AA3E-B742-4736-88F3-3A68ABEA4EA6}.Unicode Debug|x86.Build.0 = Debug|Win32
		{0366AA3E-B742-4736-88F3-3A68ABEA4EA6}.Unicode Release|x64.ActiveCfg = Release|x64
		{0366AA3E-B742-4736-88F3-3A68ABEA4EA6}.Unicode Release|x64.Build.0 = Release|x64
		{0366AA3E-B742-4736-88F3-3A68ABEA4EA6}.Unicode Release|x86.ActiveCfg = Release|Win32
		{0366AA3E-B742-4736-88F3-3A68ABEA4EA6}.Unicode Release|x86.Build.0 = Release|Win32
		{7B06F9CE-2CDF-4361-A3F9-799C6F2C9702}.Debug|x64.ActiveCfg = Debug|x64
		{7B06F9CE-2CDF-4361-A3F9-799C6F2C9702}.Debug|x64.Build.0 = Debug|x64
		{7B06F9CE-2CDF-4361-A3F9-799C6F2C9702}.Debug|x86.ActiveCfg = Debug|Win32
		{7B06F9CE-2CDF-4361-A3F9-799C6F2C9702}.Debug|x86.Build.0 = Debug|Win32
		{7B06F9CE-2CDF-4361-A3F9-799C6F2C9702}.Release|x64.ActiveCfg = Release|x64
		{7B06F9CE-2CDF-4361-A3F9-799C6F2C9702}.Release|x64.Build.0 = Release|x64
		{7B06F9CE-2CDF-4361-A3F9-799C6F2C9702}.Release|x86.ActiveCfg = Release|Win32
		{7B06F9CE-2CDF-4361-A3F9-799C6F2C9702}.Release|x86.Build.0 = Release|Win32
		{7B06F9CE-2CDF-4361-A3F9-799C6F2C9702}.Unicode Debug|x64.ActiveCfg = Debug|x64
		{7B06F9CE-2CDF-4361-A3F9-799C6F2C9702}.Unicode Debug|x64.Build.0 = Debug|x64
		{7B06F9CE-2CDF-4361-A3F9-799C6F2C9702}.Unicode Debug|x86.ActiveCfg = Debug|Win32
		{7B06F9CE-2CDF-4361-A3F9-799C6F2C9702}.Unicode Debug|x86.Build.0 = Debug|Win32
		{7B06F9CE-2CDF-4361-A3F9-799C6F2C9702}.Unicode Release|x64.ActiveCfg = Release|x64
		{7B06F9CE-2CDF-4361-A3F9-799C6F2C9702}.Unicode Release|x64.Build.0 = Release|x64
		{7B06F9CE-2CDF-4361-A3F9-799C6F2C9702}.Unicode Release|x86.ActiveCfg = Release|Win32
		{7B06F9CE-2CDF-4361-A3F9-799C6F2C9702}.Unicode Release|x86.Build.0 = Release|Win32
	EndGlobalSection
	GlobalSection(SolutionProperties) = preSolution
		HideSolutionNode = FALSE
	EndGlobalSection
	GlobalSection(ExtensibilityGlobals) = postSolution
		SolutionGuid = {5AB1BE7D-E533-41D9-B70F-3E1AC7A2CED8}
	EndGlobalSection
EndGlobal
