<?xml version="1.0" encoding="utf-8"?>
<Project ToolsVersion="4.0" xmlns="http://schemas.microsoft.com/developer/msbuild/2003">
  <ItemGroup>
    <Filter Include="Source Files">
      <UniqueIdentifier>{4FC737F1-C7A5-4376-A066-2A32D752A2FF}</UniqueIdentifier>
      <Extensions>cpp;c;cc;cxx;def;odl;idl;hpj;bat;asm;asmx</Extensions>
    </Filter>
    <Filter Include="Header Files">
      <UniqueIdentifier>{93995380-89BD-4b04-88EB-625FBE52EBFB}</UniqueIdentifier>
      <Extensions>h;hpp;hxx;hm;inl;inc;xsd</Extensions>
    </Filter>
    <Filter Include="Resource Files">
      <UniqueIdentifier>{67DA6AB6-F800-4c08-8B7A-83BB121AAD01}</UniqueIdentifier>
      <Extensions>rc;ico;cur;bmp;dlg;rc2;rct;bin;rgs;gif;jpg;jpeg;jpe;resx;tiff;tif;png;wav</Extensions>
    </Filter>
    <Filter Include="Header Files\dep">
      <UniqueIdentifier>{bebc66f1-53fd-4a47-83cd-02e493817da6}</UniqueIdentifier>
    </Filter>
    <Filter Include="Header Files\dep\plot">
      <UniqueIdentifier>{e4e88078-4b71-4653-8bf4-6f543b8b77c0}</UniqueIdentifier>
    </Filter>
    <Filter Include="Source Files\kiss_fft">
      <UniqueIdentifier>{f95e3320-0d48-4533-a6dd-ea57099504b7}</UniqueIdentifier>
    </Filter>
    <Filter Include="Header Files\eigeneng">
      <UniqueIdentifier>{a1a9569f-40b5-4218-8480-2df78e2be56b}</UniqueIdentifier>
    </Filter>
    <Filter Include="Source Files\eigeneng">
      <UniqueIdentifier>{e97a957f-a720-44cf-b3d6-5b03c5bdc771}</UniqueIdentifier>
    </Filter>
  </ItemGroup>
  <ItemGroup>
    <ClCompile Include="ppfile.cpp">
      <Filter>Source Files</Filter>
    </ClCompile>
    <ClCompile Include="sdialog.cpp">
      <Filter>Source Files</Filter>
    </ClCompile>
    <ClCompile Include="serr.cpp">
      <Filter>Source Files</Filter>
    </ClCompile>
    <ClCompile Include="sframe.cpp">
      <Filter>Source Files</Filter>
    </ClCompile>
    <ClCompile Include="splot.cpp">
      <Filter>Source Files</Filter>
    </ClCompile>
    <ClCompile Include="sreadwrite.cpp">
      <Filter>Source Files</Filter>
    </ClCompile>
    <ClCompile Include="sstring.cpp">
      <Filter>Source Files</Filter>
    </ClCompile>
    <ClCompile Include="svector.cpp">
      <Filter>Source Files</Filter>
    </ClCompile>
    <ClCompile Include="svi.cpp">
      <Filter>Source Files</Filter>
    </ClCompile>
    <ClCompile Include="transforms.cpp">
      <Filter>Source Files</Filter>
    </ClCompile>
    <ClCompile Include="undoable.cpp">
      <Filter>Source Files</Filter>
    </ClCompile>
    <ClCompile Include="wgdos.cpp">
      <Filter>Source Files</Filter>
    </ClCompile>
    <ClCompile Include="sminimiser.cpp">
      <Filter>Source Files</Filter>
    </ClCompile>
    <ClCompile Include="memorymap.cpp">
      <Filter>Source Files</Filter>
    </ClCompile>
    <ClCompile Include="plotdata.cpp">
      <Filter>Source Files</Filter>
    </ClCompile>
    <ClCompile Include="kiss_fft\kiss_fft.c">
      <Filter>Source Files\kiss_fft</Filter>
    </ClCompile>
    <ClCompile Include="kiss_fft\kiss_fftr.c">
      <Filter>Source Files\kiss_fft</Filter>
    </ClCompile>
    <ClCompile Include="nc.cpp">
      <Filter>Source Files</Filter>
    </ClCompile>
    <ClCompile Include="eigeneng\eigeng.c">
      <Filter>Source Files\eigeneng</Filter>
    </ClCompile>
    <ClCompile Include="spectral.cpp">
      <Filter>Source Files</Filter>
    </ClCompile>
    <ClCompile Include="LinearAlgebra.cpp">
      <Filter>Source Files</Filter>
    </ClCompile>
  </ItemGroup>
  <ItemGroup>
    <Text Include="ReadMe.txt" />
  </ItemGroup>
  <ItemGroup>
    <ClInclude Include="..\include\svector\algorithm.h">
      <Filter>Header Files</Filter>
    </ClInclude>
    <ClInclude Include="..\include\svector\apexWorkspace.h">
      <Filter>Header Files</Filter>
    </ClInclude>
    <ClInclude Include="..\include\svector\kdTree.h">
      <Filter>Header Files</Filter>
    </ClInclude>
    <ClInclude Include="..\include\svector\math.h">
      <Filter>Header Files</Filter>
    </ClInclude>
    <ClInclude Include="..\include\svector\MemoryMap.h">
      <Filter>Header Files</Filter>
    </ClInclude>
    <ClInclude Include="..\include\svector\NumberFromTextValidator.h">
      <Filter>Header Files</Filter>
    </ClInclude>
    <ClInclude Include="..\include\svector\operators.h">
      <Filter>Header Files</Filter>
    </ClInclude>
    <ClInclude Include="..\include\svector\sdialog.h">
      <Filter>Header Files</Filter>
    </ClInclude>
    <ClInclude Include="..\include\svector\serr.h">
      <Filter>Header Files</Filter>
    </ClInclude>
    <ClInclude Include="..\include\svector\sframe.h">
      <Filter>Header Files</Filter>
    </ClInclude>
    <ClInclude Include="..\include\svector\sminimiser.h">
      <Filter>Header Files</Filter>
    </ClInclude>
    <ClInclude Include="..\include\svector\sminimiser2.h">
      <Filter>Header Files</Filter>
    </ClInclude>
    <ClInclude Include="..\include\svector\sreadwrite.h">
      <Filter>Header Files</Filter>
    </ClInclude>
    <ClInclude Include="..\include\svector\sstdwrappers.h">
      <Filter>Header Files</Filter>
    </ClInclude>
    <ClInclude Include="..\include\svector\sstring.h">
      <Filter>Header Files</Filter>
    </ClInclude>
    <ClInclude Include="..\include\svector\stable.h">
      <Filter>Header Files</Filter>
    </ClInclude>
    <ClInclude Include="..\include\svector\stashcodes.h">
      <Filter>Header Files</Filter>
    </ClInclude>
    <ClInclude Include="..\include\svector\sterminal.h">
      <Filter>Header Files</Filter>
    </ClInclude>
    <ClInclude Include="..\include\svector\svector.h">
      <Filter>Header Files</Filter>
    </ClInclude>
    <ClInclude Include="..\include\svector\svi.h">
      <Filter>Header Files</Filter>
    </ClInclude>
    <ClInclude Include="..\include\svector\time.h">
      <Filter>Header Files</Filter>
    </ClInclude>
    <ClInclude Include="..\include\svector\undoable.h">
      <Filter>Header Files</Filter>
    </ClInclude>
    <ClInclude Include="..\include\svector\Units.h">
      <Filter>Header Files</Filter>
    </ClInclude>
    <ClInclude Include="..\include\svector\wgdos.h">
      <Filter>Header Files</Filter>
    </ClInclude>
    <ClInclude Include="..\include\svector\dep\nc.h">
      <Filter>Header Files\dep</Filter>
    </ClInclude>
    <ClInclude Include="..\include\svector\dep\ppfile.h">
      <Filter>Header Files\dep</Filter>
    </ClInclude>
    <ClInclude Include="..\include\svector\dep\sreadwrite.h">
      <Filter>Header Files\dep</Filter>
    </ClInclude>
    <ClInclude Include="..\include\svector\dep\svector.h">
      <Filter>Header Files\dep</Filter>
    </ClInclude>
    <ClInclude Include="..\include\svector\dep\windows.h">
      <Filter>Header Files\dep</Filter>
    </ClInclude>
    <ClInclude Include="..\include\svector\dep\plot\varyingPoints.h">
      <Filter>Header Files\dep\plot</Filter>
    </ClInclude>
    <ClInclude Include="..\include\svector\dep\plot\plot.h">
      <Filter>Header Files\dep\plot</Filter>
    </ClInclude>
    <ClInclude Include="..\include\svector\dep\plot\splottest.h">
      <Filter>Header Files\dep\plot</Filter>
    </ClInclude>
    <ClInclude Include="..\include\svector\dep\plot\transforms.h">
      <Filter>Header Files\dep\plot</Filter>
    </ClInclude>
    <ClInclude Include="..\include\svector\plot.h">
      <Filter>Header Files</Filter>
    </ClInclude>
    <ClInclude Include="..\include\svector\Traits.h">
      <Filter>Header Files</Filter>
    </ClInclude>
    <ClInclude Include="eigeneng\eigeneng.h">
      <Filter>Header Files\eigeneng</Filter>
    </ClInclude>
    <ClInclude Include="..\include\svector\grid.h">
      <Filter>Header Files</Filter>
    </ClInclude>
    <ClInclude Include="..\include\svector\controls.h">
      <Filter>Header Files</Filter>
    </ClInclude>
    <ClInclude Include="..\include\svector\ArrayManipulation.h">
      <Filter>Header Files</Filter>
    </ClInclude>
    <ClInclude Include="..\include\svector\gridview.h">
      <Filter>Header Files</Filter>
    </ClInclude>
    <ClInclude Include="..\include\svector\gridtransformview.h">
      <Filter>Header Files</Filter>
    </ClInclude>
    <ClInclude Include="..\include\svector\Spectral.h">
      <Filter>Header Files</Filter>
    </ClInclude>
    <ClInclude Include="..\include\svector\Ranges.h">
      <Filter>Header Files</Filter>
    </ClInclude>
    <ClInclude Include="..\include\svector\Statistics.h">
      <Filter>Header Files</Filter>
    </ClInclude>
    <ClInclude Include="..\include\svector\LinearAlgebra.h">
      <Filter>Header Files</Filter>
    </ClInclude>
    <ClInclude Include="..\include\svector\rendering.h">
      <Filter>Header Files</Filter>
    </ClInclude>
    <ClInclude Include="..\include\svector\RangeTree.h">
      <Filter>Header Files</Filter>
    </ClInclude>
    <ClInclude Include="..\include\svector\graphics.h">
      <Filter>Header Files</Filter>
    </ClInclude>
    <ClInclude Include="..\include\svector\dep\plot\elements.h">
      <Filter>Header Files\dep\plot</Filter>
    </ClInclude>
    <ClInclude Include="..\include\svector\dep\plot\plotable.h">
      <Filter>Header Files\dep\plot</Filter>
    </ClInclude>
    <ClInclude Include="..\include\svector\dep\plot\linePoint.h">
      <Filter>Header Files\dep\plot</Filter>
    </ClInclude>
    <ClInclude Include="..\include\svector\dep\plot\errorBar.h">
      <Filter>Header Files\dep\plot</Filter>
    </ClInclude>
    <ClInclude Include="..\include\svector\dep\plot\gridContour.h">
      <Filter>Header Files\dep\plot</Filter>
    </ClInclude>
    <ClInclude Include="..\include\svector\dep\plot\physical.h">
      <Filter>Header Files\dep\plot</Filter>
    </ClInclude>
    <ClInclude Include="..\include\svector\dep\plot\fillBars.h">
      <Filter>Header Files\dep\plot</Filter>
    </ClInclude>
  </ItemGroup>
</Project>